
Microsoft Visual Studio Solution File, Format Version 12.00
# Visual Studio 15
VisualStudioVersion = 15.0.28307.106
MinimumVisualStudioVersion = 10.0.40219.1
Project("{FAE04EC0-301F-11D3-BF4B-00C04F79EFBC}") = "music-web-api", "music-web-api\music-web-api.csproj", "{85CFFC2F-5473-4096-813A-ECA71A08B352}"
EndProject
Global
	GlobalSection(SolutionConfigurationPlatforms) = preSolution
		Debug|Any CPU = Debug|Any CPU
		Release|Any CPU = Release|Any CPU
	EndGlobalSection
	GlobalSection(ProjectConfigurationPlatforms) = postSolution
		{85CFFC2F-5473-4096-813A-ECA71A08B352}.Debug|Any CPU.ActiveCfg = Debug|Any CPU
		{85CFFC2F-5473-4096-813A-ECA71A08B352}.Debug|Any CPU.Build.0 = Debug|Any CPU
		{85CFFC2F-5473-4096-813A-ECA71A08B352}.Release|Any CPU.ActiveCfg = Release|Any CPU
		{85CFFC2F-5473-4096-813A-ECA71A08B352}.Release|Any CPU.Build.0 = Release|Any CPU
	EndGlobalSection
	GlobalSection(SolutionProperties) = preSolution
		HideSolutionNode = FALSE
	EndGlobalSection
	GlobalSection(ExtensibilityGlobals) = postSolution
		SolutionGuid = {F114E670-B11B-4767-BB8E-DBF5F5F321A7}
	EndGlobalSection
EndGlobal
